
Microsoft Visual Studio Solution File, Format Version 12.00
# Visual Studio 2012
Project("{8BC9CEB8-8B4A-11D0-8D11-00A0C91BC942}") = "HelloWorld", "HelloWorld\HelloWorld.vcxproj", "{77B32195-109E-4A38-BDD1-AC3F9B61F24D}"
EndProject
Project("{8BC9CEB8-8B4A-11D0-8D11-00A0C91BC942}") = "HomeWork01", "HomeWork01\HomeWork01.vcxproj", "{0ABB8B4B-EF37-4567-BC85-4CC55019F16D}"
EndProject
Global
	GlobalSection(SolutionConfigurationPlatforms) = preSolution
		Debug|Win32 = Debug|Win32
		Release|Win32 = Release|Win32
	EndGlobalSection
	GlobalSection(ProjectConfigurationPlatforms) = postSolution
		{77B32195-109E-4A38-BDD1-AC3F9B61F24D}.Debug|Win32.ActiveCfg = Debug|Win32
		{77B32195-109E-4A38-BDD1-AC3F9B61F24D}.Debug|Win32.Build.0 = Debug|Win32
		{77B32195-109E-4A38-BDD1-AC3F9B61F24D}.Release|Win32.ActiveCfg = Release|Win32
		{77B32195-109E-4A38-BDD1-AC3F9B61F24D}.Release|Win32.Build.0 = Release|Win32
		{0ABB8B4B-EF37-4567-BC85-4CC55019F16D}.Debug|Win32.ActiveCfg = Debug|Win32
		{0ABB8B4B-EF37-4567-BC85-4CC55019F16D}.Debug|Win32.Build.0 = Debug|Win32
		{0ABB8B4B-EF37-4567-BC85-4CC55019F16D}.Release|Win32.ActiveCfg = Release|Win32
		{0ABB8B4B-EF37-4567-BC85-4CC55019F16D}.Release|Win32.Build.0 = Release|Win32
	EndGlobalSection
	GlobalSection(SolutionProperties) = preSolution
		HideSolutionNode = FALSE
	EndGlobalSection
EndGlobal
