
Microsoft Visual Studio Solution File, Format Version 12.00
# Visual Studio 2012
Project("{8BC9CEB8-8B4A-11D0-8D11-00A0C91BC942}") = "DinamicMemory", "DinamicMemory\DinamicMemory.vcxproj", "{3488319B-8F3B-4E1C-91D3-80C0A81896DF}"
EndProject
Project("{8BC9CEB8-8B4A-11D0-8D11-00A0C91BC942}") = "HomeWork10", "HomeWork10\HomeWork10.vcxproj", "{324B3D65-0EBC-4C4A-AF18-9BE20DF71CBB}"
EndProject
Global
	GlobalSection(SolutionConfigurationPlatforms) = preSolution
		Debug|Win32 = Debug|Win32
		Release|Win32 = Release|Win32
	EndGlobalSection
	GlobalSection(ProjectConfigurationPlatforms) = postSolution
		{3488319B-8F3B-4E1C-91D3-80C0A81896DF}.Debug|Win32.ActiveCfg = Debug|Win32
		{3488319B-8F3B-4E1C-91D3-80C0A81896DF}.Debug|Win32.Build.0 = Debug|Win32
		{3488319B-8F3B-4E1C-91D3-80C0A81896DF}.Release|Win32.ActiveCfg = Release|Win32
		{3488319B-8F3B-4E1C-91D3-80C0A81896DF}.Release|Win32.Build.0 = Release|Win32
		{324B3D65-0EBC-4C4A-AF18-9BE20DF71CBB}.Debug|Win32.ActiveCfg = Debug|Win32
		{324B3D65-0EBC-4C4A-AF18-9BE20DF71CBB}.Debug|Win32.Build.0 = Debug|Win32
		{324B3D65-0EBC-4C4A-AF18-9BE20DF71CBB}.Release|Win32.ActiveCfg = Release|Win32
		{324B3D65-0EBC-4C4A-AF18-9BE20DF71CBB}.Release|Win32.Build.0 = Release|Win32
	EndGlobalSection
	GlobalSection(SolutionProperties) = preSolution
		HideSolutionNode = FALSE
	EndGlobalSection
EndGlobal
